PODS:
  - Capacitor (8.2.0):
    - CapacitorCordova
  - CapacitorApp (8.0.1):
    - Capacitor
  - CapacitorBrowser (8.0.2):
    - Capacitor
  - CapacitorCamera (8.0.2):
    - Capacitor
  - CapacitorClipboard (8.0.1):
    - Capacitor
  - CapacitorCordova (8.2.0)
  - CapacitorFilesystem (8.1.2):
    - Capacitor
    - IONFilesystemLib (~> 1.1.1)
  - CapacitorGeolocation (8.1.0):
    - Capacitor
    - IONGeolocationLib (= 2.0.0)
  - CapacitorGoogleMaps (8.0.1):
    - Capacitor
    - Google-Maps-iOS-Utils (= 6.1.0)
    - GoogleMaps (~> 9.4)
  - CapacitorHaptics (8.0.1):
    - Capacitor
  - CapacitorKeyboard (8.0.1):
    - Capacitor
  - CapacitorNetwork (8.0.0):
    - Capacitor
  - CapacitorPushNotifications (8.0.2):
    - Capacitor
  - CapacitorStatusBar (8.0.1):
    - Capacitor
  - CapawesomeCapacitorFilePicker (8.0.2):
    - Capacitor
  - CapgoNativegeocoder (7.3.18):
    - Capacitor
  - Google-Maps-iOS-Utils (6.1.0):
    - GoogleMaps (~> 9.0)
  - GoogleMaps (9.4.0):
    - GoogleMaps/Maps (= 9.4.0)
  - GoogleMaps/Maps (9.4.0)
  - IONFilesystemLib (1.1.2)
  - IONGeolocationLib (2.0.0)

DEPENDENCIES:
  - "Capacitor (from `../../../../node_modules/.pnpm/@capacitor+ios@8.2.0_@capacitor+core@8.2.0/node_modules/@capacitor/ios`)"
  - "CapacitorApp (from `../../../../node_modules/.pnpm/@capacitor+app@8.0.1_@capacitor+core@8.2.0/node_modules/@capacitor/app`)"
  - "CapacitorBrowser (from `../../../../node_modules/.pnpm/@capacitor+browser@8.0.2_@capacitor+core@8.2.0/node_modules/@capacitor/browser`)"
  - "CapacitorCamera (from `../../../../node_modules/.pnpm/@capacitor+camera@8.0.2_@capacitor+core@8.2.0/node_modules/@capacitor/camera`)"
  - "CapacitorClipboard (from `../../../../node_modules/.pnpm/@capacitor+clipboard@8.0.1_@capacitor+core@8.2.0/node_modules/@capacitor/clipboard`)"
  - "CapacitorCordova (from `../../../../node_modules/.pnpm/@capacitor+ios@8.2.0_@capacitor+core@8.2.0/node_modules/@capacitor/ios`)"
  - "CapacitorFilesystem (from `../../../../node_modules/.pnpm/@capacitor+filesystem@8.1.2_@capacitor+core@8.2.0/node_modules/@capacitor/filesystem`)"
  - "CapacitorGeolocation (from `../../../../node_modules/.pnpm/@capacitor+geolocation@8.1.0_@capacitor+core@8.2.0/node_modules/@capacitor/geolocation`)"
  - "CapacitorGoogleMaps (from `../../../../node_modules/.pnpm/@capacitor+google-maps@8.0.1_@capacitor+core@8.2.0/node_modules/@capacitor/google-maps`)"
  - "CapacitorHaptics (from `../../../../node_modules/.pnpm/@capacitor+haptics@8.0.1_@capacitor+core@8.2.0/node_modules/@capacitor/haptics`)"
  - "CapacitorKeyboard (from `../../../../node_modules/.pnpm/@capacitor+keyboard@8.0.1_@capacitor+core@8.2.0/node_modules/@capacitor/keyboard`)"
  - "CapacitorNetwork (from `../../../../node_modules/.pnpm/@capacitor+network@8.0.0_@capacitor+core@8.2.0/node_modules/@capacitor/network`)"
  - "CapacitorPushNotifications (from `../../../../node_modules/.pnpm/@capacitor+push-notifications@8.0.2_@capacitor+core@8.2.0/node_modules/@capacitor/push-notifications`)"
  - "CapacitorStatusBar (from `../../../../node_modules/.pnpm/@capacitor+status-bar@8.0.1_@capacitor+core@8.2.0/node_modules/@capacitor/status-bar`)"
  - "CapawesomeCapacitorFilePicker (from `../../../../node_modules/.pnpm/@capawesome+capacitor-file-picker@8.0.2_@capacitor+core@8.2.0/node_modules/@capawesome/capacitor-file-picker`)"
  - "CapgoNativegeocoder (from `../../../../node_modules/.pnpm/@capgo+nativegeocoder@7.3.18_@capacitor+core@8.2.0/node_modules/@capgo/nativegeocoder`)"

SPEC REPOS:
  trunk:
    - Google-Maps-iOS-Utils
    - GoogleMaps
    - IONFilesystemLib
    - IONGeolocationLib

EXTERNAL SOURCES:
  Capacitor:
    :path: "../../../../node_modules/.pnpm/@capacitor+ios@8.2.0_@capacitor+core@8.2.0/node_modules/@capacitor/ios"
  CapacitorApp:
    :path: "../../../../node_modules/.pnpm/@capacitor+app@8.0.1_@capacitor+core@8.2.0/node_modules/@capacitor/app"
  CapacitorBrowser:
    :path: "../../../../node_modules/.pnpm/@capacitor+browser@8.0.2_@capacitor+core@8.2.0/node_modules/@capacitor/browser"
  CapacitorCamera:
    :path: "../../../../node_modules/.pnpm/@capacitor+camera@8.0.2_@capacitor+core@8.2.0/node_modules/@capacitor/camera"
  CapacitorClipboard:
    :path: "../../../../node_modules/.pnpm/@capacitor+clipboard@8.0.1_@capacitor+core@8.2.0/node_modules/@capacitor/clipboard"
  CapacitorCordova:
    :path: "../../../../node_modules/.pnpm/@capacitor+ios@8.2.0_@capacitor+core@8.2.0/node_modules/@capacitor/ios"
  CapacitorFilesystem:
    :path: "../../../../node_modules/.pnpm/@capacitor+filesystem@8.1.2_@capacitor+core@8.2.0/node_modules/@capacitor/filesystem"
  CapacitorGeolocation:
    :path: "../../../../node_modules/.pnpm/@capacitor+geolocation@8.1.0_@capacitor+core@8.2.0/node_modules/@capacitor/geolocation"
  CapacitorGoogleMaps:
    :path: "../../../../node_modules/.pnpm/@capacitor+google-maps@8.0.1_@capacitor+core@8.2.0/node_modules/@capacitor/google-maps"
  CapacitorHaptics:
    :path: "../../../../node_modules/.pnpm/@capacitor+haptics@8.0.1_@capacitor+core@8.2.0/node_modules/@capacitor/haptics"
  CapacitorKeyboard:
    :path: "../../../../node_modules/.pnpm/@capacitor+keyboard@8.0.1_@capacitor+core@8.2.0/node_modules/@capacitor/keyboard"
  CapacitorNetwork:
    :path: "../../../../node_modules/.pnpm/@capacitor+network@8.0.0_@capacitor+core@8.2.0/node_modules/@capacitor/network"
  CapacitorPushNotifications:
    :path: "../../../../node_modules/.pnpm/@capacitor+push-notifications@8.0.2_@capacitor+core@8.2.0/node_modules/@capacitor/push-notifications"
  CapacitorStatusBar:
    :path: "../../../../node_modules/.pnpm/@capacitor+status-bar@8.0.1_@capacitor+core@8.2.0/node_modules/@capacitor/status-bar"
  CapawesomeCapacitorFilePicker:
    :path: "../../../../node_modules/.pnpm/@capawesome+capacitor-file-picker@8.0.2_@capacitor+core@8.2.0/node_modules/@capawesome/capacitor-file-picker"
  CapgoNativegeocoder:
    :path: "../../../../node_modules/.pnpm/@capgo+nativegeocoder@7.3.18_@capacitor+core@8.2.0/node_modules/@capgo/nativegeocoder"

SPEC CHECKSUMS:
  Capacitor: 49a454e1cdbd520bc106a220adca7913536a4933
  CapacitorApp: 942306cd1acf7774a00e89a3986af3a67c8cad7a
  CapacitorBrowser: 76847841b74c11ccac0a1afae18cf06e3bd59044
  CapacitorCamera: 66bb9c4ea1703a5acf2a328bac0e613d278c399c
  CapacitorClipboard: c75fdaa6e622111119f35e7914ecfc67b05efecb
  CapacitorCordova: a9ac88d84a1f5280f33b349fe50fce1902683ac0
  CapacitorFilesystem: 2db285a1ac6e475cc27cae2e1bea999000f9e2be
  CapacitorGeolocation: 7132de914f9d853ec4642dc1d36e4e2018a4e8a8
  CapacitorGoogleMaps: 33b110f185f8bddaac473d6639c785fdb4d8923c
  CapacitorHaptics: 4df2c625445cef39b67ea635a21802bc92df3b82
  CapacitorKeyboard: 867eb4b3c901d9bb5c3d0c93b546185d52484e19
  CapacitorNetwork: 156f8096cbbce5337eb1769fcc0d6adc4b85d3f3
  CapacitorPushNotifications: 5a1de4191a9fdbeacc84907313eede0bd59d2eb0
  CapacitorStatusBar: 32206abd53b14f339763da26f71286deaa891e16
  CapawesomeCapacitorFilePicker: eb29fb54c59614fede51e0e0fe25070dda9d024c
  CapgoNativegeocoder: cfdf69393f34182ede28af082d31ea6f1244be4e
  Google-Maps-iOS-Utils: 0a484b05ed21d88c9f9ebbacb007956edd508a96
  GoogleMaps: 0608099d4870cac8754bdba9b6953db543432438
  IONFilesystemLib: 21a63377696b2d8fab5632ecfb7d2ac67bddb68a
  IONGeolocationLib: a5e40b54edc2ee9902036eda5aaa41ddf07bb68d

PODFILE CHECKSUM: c44254fdcd96a733b8b6c64078c1bb2e0b76b2ca

COCOAPODS: 1.16.2
